{
  "requires": true,
  "lockfileVersion": 1,
  "dependencies": {
    "balanced-match": {
      "version": "1.0.0",
      "resolved": "https://registry.npmjs.org/balanced-match/-/balanced-match-1.0.0.tgz",
      "integrity": "sha1-ibTRmasr7kneFk6gK4nORi1xt2c=",
      "dev": true
    },
    "block-stream": {
      "version": "0.0.9",
      "resolved": "https://registry.npmjs.org/block-stream/-/block-stream-0.0.9.tgz",
      "integrity": "sha1-E+v+d4oDIFz+A3UUgeu0szAMEmo=",
      "dev": true,
      "requires": {
        "inherits": "~2.0.0"
      }
    },
    "brace-expansion": {
      "version": "1.1.11",
      "resolved": "https://registry.npmjs.org/brace-expansion/-/brace-expansion-1.1.11.tgz",
      "integrity": "sha512-iCuPHDFgrHX7H2vEI/5xpz07zSHB00TpugqhmYtVmMO6518mCuRMoOYFldEBl0g187ufozdaHgWKcYFb61qGiA==",
      "dev": true,
      "requires": {
        "balanced-match": "^1.0.0",
        "concat-map": "0.0.1"
      }
    },
    "concat-map": {
      "version": "0.0.1",
      "resolved": "https://registry.npmjs.org/concat-map/-/concat-map-0.0.1.tgz",
      "integrity": "sha1-2Klr13/Wjfd5OnMDajug1UBdR3s=",
      "dev": true
    },
    "fs.realpath": {
      "version": "1.0.0",
      "resolved": "https://registry.npmjs.org/fs.realpath/-/fs.realpath-1.0.0.tgz",
      "integrity": "sha1-FQStJSMVjKpA20onh8sBQRmU6k8=",
      "dev": true
    },
    "fstream": {
      "version": "1.0.11",
      "resolved": "https://registry.npmjs.org/fstream/-/fstream-1.0.11.tgz",
      "integrity": "sha1-XB+x8RdHcRTwYyoOtLcbPLD9MXE=",
      "dev": true,
      "requires": {
        "graceful-fs": "^4.1.2",
        "inherits": "~2.0.0",
        "mkdirp": ">=0.5 0",
        "rimraf": "2"
      }
    },
    "glob": {
      "version": "7.1.3",
      "resolved": "https://registry.npmjs.org/glob/-/glob-7.1.3.tgz",
      "integrity": "sha512-vcfuiIxogLV4DlGBHIUOwI0IbrJ8HWPc4MU7HzviGeNho/UJDfi6B5p3sHeWIQ0KGIU0Jpxi5ZHxemQfLkkAwQ==",
      "dev": true,
      "requires": {
        "fs.realpath": "^1.0.0",
        "inflight": "^1.0.4",
        "inherits": "2",
        "minimatch": "^3.0.4",
        "once": "^1.3.0",
        "path-is-absolute": "^1.0.0"
      }
    },
    "graceful-fs": {
      "version": "4.1.11",
      "resolved": "https://registry.npmjs.org/graceful-fs/-/graceful-fs-4.1.11.tgz",
      "integrity": "sha1-Dovf5NHduIVNZOBOp8AOKgJuVlg=",
      "dev": true
    },
    "hammerjs": {
      "version": "2.0.8",
      "resolved": "https://registry.npmjs.org/hammerjs/-/hammerjs-2.0.8.tgz",
      "integrity": "sha1-BO93hiz/K7edMPdpIJWTAiK/YPE=",
      "dev": true
    },
    "inflight": {
      "version": "1.0.6",
      "resolved": "https://registry.npmjs.org/inflight/-/inflight-1.0.6.tgz",
      "integrity": "sha1-Sb1jMdfQLQwJvJEKEHW6gWW1bfk=",
      "dev": true,
      "requires": {
        "once": "^1.3.0",
        "wrappy": "1"
      }
    },
    "inherits": {
      "version": "2.0.3",
      "resolved": "https://registry.npmjs.org/inherits/-/inherits-2.0.3.tgz",
      "integrity": "sha1-Yzwsg+PaQqUC9SRmAiSA9CCCYd4=",
      "dev": true
    },
    "javascript-detect-element-resize": {
      "version": "0.5.3",
      "resolved": "https://registry.npmjs.org/javascript-detect-element-resize/-/javascript-detect-element-resize-0.5.3.tgz",
      "integrity": "sha1-GnHNUd/lZZB/KZAS/nOilBBAJd4=",
      "dev": true
    },
    "jquery": {
      "version": "2.2.4",
      "resolved": "https://registry.npmjs.org/jquery/-/jquery-2.2.4.tgz",
      "integrity": "sha1-LInWiJterFIqfuoywUUhVZxsvwI=",
      "dev": true
    },
    "lodash": {
      "version": "4.17.11",
      "resolved": "https://registry.npmjs.org/lodash/-/lodash-4.17.11.tgz",
      "integrity": "sha512-cQKh8igo5QUhZ7lg38DYWAxMvjSAKG0A8wGSVimP07SIUEK2UO+arSRKbRZWtelMtN5V0Hkwh5ryOto/SshYIg==",
      "dev": true
    },
    "materialize-css": {
      "version": "0.97.8",
      "resolved": "http://registry.npmjs.org/materialize-css/-/materialize-css-0.97.8.tgz",
      "integrity": "sha1-45ziBWeFsMTpzUhHws3xU+GcR88=",
      "dev": true,
      "requires": {
        "hammerjs": "^2.0.4",
        "jquery": "^2.1.4",
        "node-archiver": "^0.3.0"
      }
    },
    "minimatch": {
      "version": "3.0.4",
      "resolved": "https://registry.npmjs.org/minimatch/-/minimatch-3.0.4.tgz",
      "integrity": "sha512-yJHVQEhyqPLUTgt9B83PXu6W3rx4MvvHvSUvToogpwoGDOUQ+yDrR0HRot+yOCdCO7u4hX3pWft6kWBBcqh0UA==",
      "dev": true,
      "requires": {
        "brace-expansion": "^1.1.7"
      }
    },
    "minimist": {
      "version": "0.0.8",
      "resolved": "http://registry.npmjs.org/minimist/-/minimist-0.0.8.tgz",
      "integrity": "sha1-hX/Kv8M5fSYluCKCYuhqp6ARsF0=",
      "dev": true
    },
    "mkdirp": {
      "version": "0.5.1",
      "resolved": "http://registry.npmjs.org/mkdirp/-/mkdirp-0.5.1.tgz",
      "integrity": "sha1-MAV0OOrGz3+MR2fzhkjWaX11yQM=",
      "dev": true,
      "requires": {
        "minimist": "0.0.8"
      }
    },
    "node-archiver": {
      "version": "0.3.0",
      "resolved": "https://registry.npmjs.org/node-archiver/-/node-archiver-0.3.0.tgz",
      "integrity": "sha1-ufGv5QBtC98pJgGBgzoHCXi8aUc=",
      "dev": true,
      "requires": {
        "fstream": "^1.0.10",
        "tar": "^2.2.1"
      }
    },
    "once": {
      "version": "1.4.0",
      "resolved": "https://registry.npmjs.org/once/-/once-1.4.0.tgz",
      "integrity": "sha1-WDsap3WWHUsROsF9nFC6753Xa9E=",
      "dev": true,
      "requires": {
        "wrappy": "1"
      }
    },
    "path-is-absolute": {
      "version": "1.0.1",
      "resolved": "https://registry.npmjs.org/path-is-absolute/-/path-is-absolute-1.0.1.tgz",
      "integrity": "sha1-F0uSaHNVNP+8es5r9TpanhtcX18=",
      "dev": true
    },
    "rimraf": {
      "version": "2.6.2",
      "resolved": "https://registry.npmjs.org/rimraf/-/rimraf-2.6.2.tgz",
      "integrity": "sha512-lreewLK/BlghmxtfH36YYVg1i8IAce4TI7oao75I1g245+6BctqTVQiBP3YUJ9C6DQOXJmkYR9X9fCLtCOJc5w==",
      "dev": true,
      "requires": {
        "glob": "^7.0.5"
      }
    },
    "tar": {
      "version": "2.2.1",
      "resolved": "https://registry.npmjs.org/tar/-/tar-2.2.1.tgz",
      "integrity": "sha1-jk0qJWwOIYXGsYrWlK7JaLg8sdE=",
      "dev": true,
      "requires": {
        "block-stream": "*",
        "fstream": "^1.0.2",
        "inherits": "2"
      }
    },
    "velocity-animate": {
      "version": "1.5.2",
      "resolved": "https://registry.npmjs.org/velocity-animate/-/velocity-animate-1.5.2.tgz",
      "integrity": "sha512-m6EXlCAMetKztO1ppBhGU1/1MR3IiEevO6ESq6rcrSQ3Q77xYSW13jkfXW88o4xMrkXJhy/U7j4wFR/twMB0Eg==",
      "dev": true
    },
    "vue-card": {
      "version": "1.1.0",
      "resolved": "https://registry.npmjs.org/vue-card/-/vue-card-1.1.0.tgz",
      "integrity": "sha1-k1lLWePXzuBbrCFJhDEGO5OCWMg=",
      "dev": true,
      "requires": {
        "vue-mixins": "^0.3.0"
      }
    },
    "vue-collapsible": {
      "version": "1.1.0",
      "resolved": "https://registry.npmjs.org/vue-collapsible/-/vue-collapsible-1.1.0.tgz",
      "integrity": "sha1-peEfLVVuC3YiDFQVDSsOLRxB0a0=",
      "dev": true,
      "requires": {
        "vue-mixins": "^0.3.0"
      }
    },
    "vue-comps-dropdown": {
      "version": "1.3.1",
      "resolved": "https://registry.npmjs.org/vue-comps-dropdown/-/vue-comps-dropdown-1.3.1.tgz",
      "integrity": "sha1-138BBD4LaZYWyvi7KXkwFUjwjl0=",
      "dev": true,
      "requires": {
        "vue-mixins": "^0.3.0"
      }
    },
    "vue-comps-modal": {
      "version": "1.2.1",
      "resolved": "https://registry.npmjs.org/vue-comps-modal/-/vue-comps-modal-1.2.1.tgz",
      "integrity": "sha1-ZDTJNR5OQVptL1zA/8ewn6O5NnU=",
      "dev": true,
      "requires": {
        "vue-mixins": "^0.3.0",
        "vue-overlay": "^1.0.1"
      }
    },
    "vue-comps-scrollspy": {
      "version": "1.0.0",
      "resolved": "https://registry.npmjs.org/vue-comps-scrollspy/-/vue-comps-scrollspy-1.0.0.tgz",
      "integrity": "sha1-bq3Uv96T3IZO+bvXg7EcM56Ii50=",
      "dev": true,
      "requires": {
        "vue-mixins": "^0.2.19"
      },
      "dependencies": {
        "vue-mixins": {
          "version": "0.2.20",
          "resolved": "https://registry.npmjs.org/vue-mixins/-/vue-mixins-0.2.20.tgz",
          "integrity": "sha1-9YzyryXdASzYGv3ToNr3cAVjSng=",
          "dev": true,
          "requires": {
            "javascript-detect-element-resize": "^0.5.3"
          }
        }
      }
    },
    "vue-comps-tooltip": {
      "version": "1.1.0",
      "resolved": "https://registry.npmjs.org/vue-comps-tooltip/-/vue-comps-tooltip-1.1.0.tgz",
      "integrity": "sha1-MkVVDx2qtnoXQ1G78NjajINc8EQ=",
      "dev": true,
      "requires": {
        "vue-mixins": "^0.3.0"
      }
    },
    "vue-comps-waves": {
      "version": "1.0.1",
      "resolved": "https://registry.npmjs.org/vue-comps-waves/-/vue-comps-waves-1.0.1.tgz",
      "integrity": "sha1-F+P73cKiE410yRu2x3byTltptVM=",
      "dev": true,
      "requires": {
        "vue-mixins": "^0.2.14"
      },
      "dependencies": {
        "vue-mixins": {
          "version": "0.2.20",
          "resolved": "https://registry.npmjs.org/vue-mixins/-/vue-mixins-0.2.20.tgz",
          "integrity": "sha1-9YzyryXdASzYGv3ToNr3cAVjSng=",
          "dev": true,
          "requires": {
            "javascript-detect-element-resize": "^0.5.3"
          }
        }
      }
    },
    "vue-drag-handle": {
      "version": "1.0.1",
      "resolved": "https://registry.npmjs.org/vue-drag-handle/-/vue-drag-handle-1.0.1.tgz",
      "integrity": "sha1-YxIrHVBbnVUS/o7w3FWcWVodLL0=",
      "dev": true,
      "requires": {
        "vue-mixins": "^0.2.14"
      },
      "dependencies": {
        "vue-mixins": {
          "version": "0.2.20",
          "resolved": "https://registry.npmjs.org/vue-mixins/-/vue-mixins-0.2.20.tgz",
          "integrity": "sha1-9YzyryXdASzYGv3ToNr3cAVjSng=",
          "dev": true,
          "requires": {
            "javascript-detect-element-resize": "^0.5.3"
          }
        }
      }
    },
    "vue-fixed-action-button": {
      "version": "1.2.0",
      "resolved": "https://registry.npmjs.org/vue-fixed-action-button/-/vue-fixed-action-button-1.2.0.tgz",
      "integrity": "sha1-8xaUZTwEFwN7XBOepxricMF3g/0=",
      "dev": true,
      "requires": {
        "vue-mixins": "^0.3.0"
      }
    },
    "vue-materialize": {
      "version": "1.0.0",
      "resolved": "https://registry.npmjs.org/vue-materialize/-/vue-materialize-1.0.0.tgz",
      "integrity": "sha1-ohEP4pGQvdBd2WBSInrsIRv/jkE=",
      "dev": true,
      "requires": {
        "materialize-css": "^0.97.7",
        "velocity-animate": "^1.2.3",
        "vue-card": "^1.1.0",
        "vue-collapsible": "^1.1.0",
        "vue-comps-dropdown": "^1.3.0",
        "vue-comps-modal": "^1.2.1",
        "vue-comps-scrollspy": "^1.0.0",
        "vue-comps-tooltip": "^1.1.0",
        "vue-comps-waves": "^1.0.0",
        "vue-drag-handle": "^1.0.1",
        "vue-fixed-action-button": "^1.2.0",
        "vue-mixins": "^0.3.2",
        "vue-overlay": "^1.0.1",
        "vue-parallax": "^1.0.0",
        "vue-pushpin": "^1.0.0",
        "vue-scrollfire": "^1.0.0",
        "vue-side-nav": "^1.1.0",
        "vue-simple-select": "^1.0.0",
        "vue-textarea": "^1.0.0",
        "vue-toaster": "^1.1.0",
        "vue-toggle": "^1.0.1",
        "vue-zoombox": "^1.0.0",
        "vueify-insert-css": "^1.0.0"
      }
    },
    "vue-mixins": {
      "version": "0.3.6",
      "resolved": "https://registry.npmjs.org/vue-mixins/-/vue-mixins-0.3.6.tgz",
      "integrity": "sha1-SeGc9SyNvCxlyRnsZ6fY4l4umoY=",
      "dev": true,
      "requires": {
        "javascript-detect-element-resize": "^0.5.3",
        "lodash": "^4.16.1"
      }
    },
    "vue-overlay": {
      "version": "1.0.1",
      "resolved": "https://registry.npmjs.org/vue-overlay/-/vue-overlay-1.0.1.tgz",
      "integrity": "sha1-ZT4lc9pMZnMdwDr0T4KAMDi+mH8=",
      "dev": true,
      "requires": {
        "vue-mixins": "^0.2.14"
      },
      "dependencies": {
        "vue-mixins": {
          "version": "0.2.20",
          "resolved": "https://registry.npmjs.org/vue-mixins/-/vue-mixins-0.2.20.tgz",
          "integrity": "sha1-9YzyryXdASzYGv3ToNr3cAVjSng=",
          "dev": true,
          "requires": {
            "javascript-detect-element-resize": "^0.5.3"
          }
        }
      }
    },
    "vue-parallax": {
      "version": "1.1.1",
      "resolved": "https://registry.npmjs.org/vue-parallax/-/vue-parallax-1.1.1.tgz",
      "integrity": "sha1-VGgoNcGONQ2fhpL8RXq5ztRKQKM=",
      "dev": true,
      "requires": {
        "vue-mixins": "^0.3.0"
      }
    },
    "vue-pushpin": {
      "version": "1.0.0",
      "resolved": "https://registry.npmjs.org/vue-pushpin/-/vue-pushpin-1.0.0.tgz",
      "integrity": "sha1-L3N5kj8krSHM539iM5rhXDdBBKk=",
      "dev": true,
      "requires": {
        "vue-mixins": "^0.2.19"
      },
      "dependencies": {
        "vue-mixins": {
          "version": "0.2.20",
          "resolved": "https://registry.npmjs.org/vue-mixins/-/vue-mixins-0.2.20.tgz",
          "integrity": "sha1-9YzyryXdASzYGv3ToNr3cAVjSng=",
          "dev": true,
          "requires": {
            "javascript-detect-element-resize": "^0.5.3"
          }
        }
      }
    },
    "vue-scrollfire": {
      "version": "1.0.0",
      "resolved": "https://registry.npmjs.org/vue-scrollfire/-/vue-scrollfire-1.0.0.tgz",
      "integrity": "sha1-q4KgNzNBJf+nW1FYueKwOmKvAE4=",
      "dev": true,
      "requires": {
        "vue-mixins": "^0.2.14"
      },
      "dependencies": {
        "vue-mixins": {
          "version": "0.2.20",
          "resolved": "https://registry.npmjs.org/vue-mixins/-/vue-mixins-0.2.20.tgz",
          "integrity": "sha1-9YzyryXdASzYGv3ToNr3cAVjSng=",
          "dev": true,
          "requires": {
            "javascript-detect-element-resize": "^0.5.3"
          }
        }
      }
    },
    "vue-side-nav": {
      "version": "1.1.0",
      "resolved": "https://registry.npmjs.org/vue-side-nav/-/vue-side-nav-1.1.0.tgz",
      "integrity": "sha1-mKtz/A4KkKLBL3dws+vL5jqvUnA=",
      "dev": true,
      "requires": {
        "vue-drag-handle": "^1.0.1",
        "vue-mixins": "^0.2.17",
        "vue-overlay": "^1.0.1"
      },
      "dependencies": {
        "vue-mixins": {
          "version": "0.2.20",
          "resolved": "https://registry.npmjs.org/vue-mixins/-/vue-mixins-0.2.20.tgz",
          "integrity": "sha1-9YzyryXdASzYGv3ToNr3cAVjSng=",
          "dev": true,
          "requires": {
            "javascript-detect-element-resize": "^0.5.3"
          }
        }
      }
    },
    "vue-simple-select": {
      "version": "1.0.1",
      "resolved": "https://registry.npmjs.org/vue-simple-select/-/vue-simple-select-1.0.1.tgz",
      "integrity": "sha1-89YXW5gziWqpqHamjuXgzlSwUu0=",
      "dev": true,
      "requires": {
        "vue-comps-dropdown": "^1.3.1",
        "vue-comps-modal": "^1.2.1",
        "vue-mixins": "^0.3.2"
      }
    },
    "vue-textarea": {
      "version": "1.0.0",
      "resolved": "https://registry.npmjs.org/vue-textarea/-/vue-textarea-1.0.0.tgz",
      "integrity": "sha1-LFAROhnhEW/CnSlSFSwUuGBBQt0=",
      "dev": true,
      "requires": {
        "vue-mixins": "^0.2.17"
      },
      "dependencies": {
        "vue-mixins": {
          "version": "0.2.20",
          "resolved": "https://registry.npmjs.org/vue-mixins/-/vue-mixins-0.2.20.tgz",
          "integrity": "sha1-9YzyryXdASzYGv3ToNr3cAVjSng=",
          "dev": true,
          "requires": {
            "javascript-detect-element-resize": "^0.5.3"
          }
        }
      }
    },
    "vue-toaster": {
      "version": "1.1.0",
      "resolved": "https://registry.npmjs.org/vue-toaster/-/vue-toaster-1.1.0.tgz",
      "integrity": "sha1-90HhS9Vv/KHFmgJkSz799Oq6VxA=",
      "dev": true,
      "requires": {
        "vue-mixins": "^0.3.2"
      }
    },
    "vue-toggle": {
      "version": "1.0.1",
      "resolved": "https://registry.npmjs.org/vue-toggle/-/vue-toggle-1.0.1.tgz",
      "integrity": "sha1-JAcGezW0iSFPA9W74SNKwharSZk=",
      "dev": true,
      "requires": {
        "vue-mixins": "^0.2.14"
      },
      "dependencies": {
        "vue-mixins": {
          "version": "0.2.20",
          "resolved": "https://registry.npmjs.org/vue-mixins/-/vue-mixins-0.2.20.tgz",
          "integrity": "sha1-9YzyryXdASzYGv3ToNr3cAVjSng=",
          "dev": true,
          "requires": {
            "javascript-detect-element-resize": "^0.5.3"
          }
        }
      }
    },
    "vue-zoombox": {
      "version": "1.0.2",
      "resolved": "https://registry.npmjs.org/vue-zoombox/-/vue-zoombox-1.0.2.tgz",
      "integrity": "sha1-03oRqv6l05I8eguiL1d1HN4c7xE=",
      "dev": true,
      "requires": {
        "vue-mixins": "^0.3.0",
        "vue-overlay": "^1.0.1"
      }
    },
    "vueify-insert-css": {
      "version": "1.0.0",
      "resolved": "https://registry.npmjs.org/vueify-insert-css/-/vueify-insert-css-1.0.0.tgz",
      "integrity": "sha1-V+XXkZB+jJ2Hrm3gmaIXS9Cn+ZA=",
      "dev": true
    },
    "wrappy": {
      "version": "1.0.2",
      "resolved": "https://registry.npmjs.org/wrappy/-/wrappy-1.0.2.tgz",
      "integrity": "sha1-tSQ9jz7BqjXxNkYFvA0QNuMKtp8=",
      "dev": true
    }
  }
}
